
Microsoft Visual Studio Solution File, Format Version 12.00
# Visual Studio 15
VisualStudioVersion = 15.0.26124.0
MinimumVisualStudioVersion = 15.0.26124.0
Project("{FAE04EC0-301F-11D3-BF4B-00C04F79EFBC}") = "ApexRestaurant.Repository", "ApexRestaurant.Repository\ApexRestaurant.Repository.csproj", "{5B2BD763-B4E9-4012-9831-3B1E5B1A5A58}"
EndProject
Project("{FAE04EC0-301F-11D3-BF4B-00C04F79EFBC}") = "ApexRestaurant.Services", "ApexRestaurant.Services\ApexRestaurant.Services.csproj", "{164CC0C0-C749-437E-A8E4-8B7D78F9D0D5}"
EndProject
Project("{FAE04EC0-301F-11D3-BF4B-00C04F79EFBC}") = "ApexRestaurant.Api", "ApexRestaurant.Api\ApexRestaurant.Api.csproj", "{BC794901-2375-45CA-8948-C5AB503E78A8}"
EndProject
Project("{FAE04EC0-301F-11D3-BF4B-00C04F79EFBC}") = "ApexRestaurant.Mvc", "ApexRestaurant.Mvc\ApexRestaurant.Mvc.csproj", "{DCE60768-7B9E-40C8-BF89-D6CF6DB1EB7F}"
EndProject
Global
	GlobalSection(SolutionConfigurationPlatforms) = preSolution
		Debug|Any CPU = Debug|Any CPU
		Debug|x64 = Debug|x64
		Debug|x86 = Debug|x86
		Release|Any CPU = Release|Any CPU
		Release|x64 = Release|x64
		Release|x86 = Release|x86
	EndGlobalSection
	GlobalSection(SolutionProperties) = preSolution
		HideSolutionNode = FALSE
	EndGlobalSection
	GlobalSection(ProjectConfigurationPlatforms) = postSolution
		{5B2BD763-B4E9-4012-9831-3B1E5B1A5A58}.Debug|Any CPU.ActiveCfg = Debug|Any CPU
		{5B2BD763-B4E9-4012-9831-3B1E5B1A5A58}.Debug|Any CPU.Build.0 = Debug|Any CPU
		{5B2BD763-B4E9-4012-9831-3B1E5B1A5A58}.Debug|x64.ActiveCfg = Debug|Any CPU
		{5B2BD763-B4E9-4012-9831-3B1E5B1A5A58}.Debug|x64.Build.0 = Debug|Any CPU
		{5B2BD763-B4E9-4012-9831-3B1E5B1A5A58}.Debug|x86.ActiveCfg = Debug|Any CPU
		{5B2BD763-B4E9-4012-9831-3B1E5B1A5A58}.Debug|x86.Build.0 = Debug|Any CPU
		{5B2BD763-B4E9-4012-9831-3B1E5B1A5A58}.Release|Any CPU.ActiveCfg = Release|Any CPU
		{5B2BD763-B4E9-4012-9831-3B1E5B1A5A58}.Release|Any CPU.Build.0 = Release|Any CPU
		{5B2BD763-B4E9-4012-9831-3B1E5B1A5A58}.Release|x64.ActiveCfg = Release|Any CPU
		{5B2BD763-B4E9-4012-9831-3B1E5B1A5A58}.Release|x64.Build.0 = Release|Any CPU
		{5B2BD763-B4E9-4012-9831-3B1E5B1A5A58}.Release|x86.ActiveCfg = Release|Any CPU
		{5B2BD763-B4E9-4012-9831-3B1E5B1A5A58}.Release|x86.Build.0 = Release|Any CPU
		{164CC0C0-C749-437E-A8E4-8B7D78F9D0D5}.Debug|Any CPU.ActiveCfg = Debug|Any CPU
		{164CC0C0-C749-437E-A8E4-8B7D78F9D0D5}.Debug|Any CPU.Build.0 = Debug|Any CPU
		{164CC0C0-C749-437E-A8E4-8B7D78F9D0D5}.Debug|x64.ActiveCfg = Debug|Any CPU
		{164CC0C0-C749-437E-A8E4-8B7D78F9D0D5}.Debug|x64.Build.0 = Debug|Any CPU
		{164CC0C0-C749-437E-A8E4-8B7D78F9D0D5}.Debug|x86.ActiveCfg = Debug|Any CPU
		{164CC0C0-C749-437E-A8E4-8B7D78F9D0D5}.Debug|x86.Build.0 = Debug|Any CPU
		{164CC0C0-C749-437E-A8E4-8B7D78F9D0D5}.Release|Any CPU.ActiveCfg = Release|Any CPU
		{164CC0C0-C749-437E-A8E4-8B7D78F9D0D5}.Release|Any CPU.Build.0 = Release|Any CPU
		{164CC0C0-C749-437E-A8E4-8B7D78F9D0D5}.Release|x64.ActiveCfg = Release|Any CPU
		{164CC0C0-C749-437E-A8E4-8B7D78F9D0D5}.Release|x64.Build.0 = Release|Any CPU
		{164CC0C0-C749-437E-A8E4-8B7D78F9D0D5}.Release|x86.ActiveCfg = Release|Any CPU
		{164CC0C0-C749-437E-A8E4-8B7D78F9D0D5}.Release|x86.Build.0 = Release|Any CPU
		{BC794901-2375-45CA-8948-C5AB503E78A8}.Debug|Any CPU.ActiveCfg = Debug|Any CPU
		{BC794901-2375-45CA-8948-C5AB503E78A8}.Debug|Any CPU.Build.0 = Debug|Any CPU
		{BC794901-2375-45CA-8948-C5AB503E78A8}.Debug|x64.ActiveCfg = Debug|Any CPU
		{BC794901-2375-45CA-8948-C5AB503E78A8}.Debug|x64.Build.0 = Debug|Any CPU
		{BC794901-2375-45CA-8948-C5AB503E78A8}.Debug|x86.ActiveCfg = Debug|Any CPU
		{BC794901-2375-45CA-8948-C5AB503E78A8}.Debug|x86.Build.0 = Debug|Any CPU
		{BC794901-2375-45CA-8948-C5AB503E78A8}.Release|Any CPU.ActiveCfg = Release|Any CPU
		{BC794901-2375-45CA-8948-C5AB503E78A8}.Release|Any CPU.Build.0 = Release|Any CPU
		{BC794901-2375-45CA-8948-C5AB503E78A8}.Release|x64.ActiveCfg = Release|Any CPU
		{BC794901-2375-45CA-8948-C5AB503E78A8}.Release|x64.Build.0 = Release|Any CPU
		{BC794901-2375-45CA-8948-C5AB503E78A8}.Release|x86.ActiveCfg = Release|Any CPU
		{BC794901-2375-45CA-8948-C5AB503E78A8}.Release|x86.Build.0 = Release|Any CPU
		{DCE60768-7B9E-40C8-BF89-D6CF6DB1EB7F}.Debug|Any CPU.ActiveCfg = Debug|Any CPU
		{DCE60768-7B9E-40C8-BF89-D6CF6DB1EB7F}.Debug|Any CPU.Build.0 = Debug|Any CPU
		{DCE60768-7B9E-40C8-BF89-D6CF6DB1EB7F}.Debug|x64.ActiveCfg = Debug|Any CPU
		{DCE60768-7B9E-40C8-BF89-D6CF6DB1EB7F}.Debug|x64.Build.0 = Debug|Any CPU
		{DCE60768-7B9E-40C8-BF89-D6CF6DB1EB7F}.Debug|x86.ActiveCfg = Debug|Any CPU
		{DCE60768-7B9E-40C8-BF89-D6CF6DB1EB7F}.Debug|x86.Build.0 = Debug|Any CPU
		{DCE60768-7B9E-40C8-BF89-D6CF6DB1EB7F}.Release|Any CPU.ActiveCfg = Release|Any CPU
		{DCE60768-7B9E-40C8-BF89-D6CF6DB1EB7F}.Release|Any CPU.Build.0 = Release|Any CPU
		{DCE60768-7B9E-40C8-BF89-D6CF6DB1EB7F}.Release|x64.ActiveCfg = Release|Any CPU
		{DCE60768-7B9E-40C8-BF89-D6CF6DB1EB7F}.Release|x64.Build.0 = Release|Any CPU
		{DCE60768-7B9E-40C8-BF89-D6CF6DB1EB7F}.Release|x86.ActiveCfg = Release|Any CPU
		{DCE60768-7B9E-40C8-BF89-D6CF6DB1EB7F}.Release|x86.Build.0 = Release|Any CPU
	EndGlobalSection
EndGlobal
